[[package]]
name = "aioconsole"
version = "0.3.3"
description = "Asynchronous console and interfaces for asyncio"
category = "main"
optional = false
python-versions = ">=3.6"

[[package]]
name = "aiofiles"
version = "0.7.0"
description = "File support for asyncio."
category = "main"
optional = false
python-versions = ">=3.6,<4.0"

[[package]]
name = "aiohttp"
version = "3.7.4.post0"
description = "Async http client/server framework (asyncio)"
category = "main"
optional = false
python-versions = ">=3.6"

[package.dependencies]
async-timeout = ">=3.0,<4.0"
attrs = ">=17.3.0"
chardet = ">=2.0,<5.0"
multidict = ">=4.5,<7.0"
typing-extensions = ">=3.6.5"
yarl = ">=1.0,<2.0"

[package.extras]
speedups = ["aiodns", "brotlipy", "cchardet"]

[[package]]
name = "aioopenssl"
version = "0.6.0"
description = "TLS-capable transport using OpenSSL for asyncio"
category = "main"
optional = false
python-versions = "*"

[package.dependencies]
PyOpenSSL = "*"

[[package]]
name = "aiosasl"
version = "0.5.0"
description = "Pure-python, protocol agnostic SASL library for asyncio"
category = "main"
optional = false
python-versions = "*"

[[package]]
name = "aioxmpp"
version = "0.13.2"
description = "Pure-python XMPP library for asyncio"
category = "main"
optional = false
python-versions = "*"

[package.dependencies]
aioopenssl = ">=0.1"
aiosasl = ">=0.3"
babel = ">=2.3,<3.0"
dnspython = ">=1.0,<3.0"
lxml = ">=4.0,<5.0"
multidict = ">=2.0,<7"
pyasn1 = "*"
pyasn1_modules = "*"
pyOpenSSL = "*"
sortedcollections = ">=2.1,<3.0"
tzlocal = ">=1.2"

[[package]]
name = "async-timeout"[[package]]
name = "aioconsole"
version = "0.3.3"
description = "Asynchronous console and interfaces for asyncio"
category = "main"
optional = false
python-versions = ">=3.6"

[[package]]
name = "aiofiles"
version = "0.7.0"
description = "File support for asyncio."
category = "main"
optional = false
python-versions = ">=3.6,<4.0"

[[package]]
name = "aiohttp"
version = "3.7.4.post0"
description = "Async http client/server framework (asyncio)"
category = "main"
optional = false
python-versions = ">=3.6"

[package.dependencies][[package]]
name = "aioconsole"
version = "0.3.3"
description = "Asynchronous console and interfaces for asyncio"
category = "main"
optional = false
python-versions = ">=3.6"

[[package]]
name = "aiofiles"
version = "0.7.0"
description = "File support for asyncio."
category = "main"
optional = false
python-versions = ">=3.6,<4.0"

[[package]]
name = "aiohttp"
version = "3.7.4.post0"
description = "Async http client/server framework (asyncio)"
category = "main"
optional = false
python-versions = ">=3.6"

[package.dependencies]
async-timeout = ">=3.0,<4.0"
attrs = ">=17.3.0"
chardet = ">=2.0,<5.0"
multidict = ">=4.5,<7.0"
typing-extensions = ">=3.6.5"
yarl = ">=1.0,<2.0"

[package.extras]
speedups = ["aiodns", "brotlipy", "cchardet"]

[[package]]
name = "aioopenssl"
version = "0.6.0"
description = "TLS-capable transport using OpenSSL for asyncio"
category = "main"
optional = false
python-versions = "*"

[package.dependencies]
PyOpenSSL = "*"

[[package]]
name = "aiosasl"
version = "0.5.0"
description = "Pure-python, protocol agnostic SASL library for asyncio"
category = "main"
optional = false
python-versions = "*"

[[package]]
name = "aioxmpp"
version = "0.13.2"
description = "Pure-python XMPP library for asyncio"
category = "main"
optional = false
python-versions = "*"

[package.dependencies]
aioopenssl = ">=0.1"
aiosasl = ">=0.3"
babel = ">=2.3,<3.0"
dnspython = ">=1.0,<3.0"
lxml = ">=4.0,<5.0"
multidict = ">=2.0,<7"
pyasn1 = "*"
pyasn1_modules = "*"
pyOpenSSL = "*"
sortedcollections = ">=2.1,<3.0"
tzlocal = ">=1.2"

[[package]]
name = "async-timeout"[[package]]
name = "aioconsole"
version = "0.3.3"
description = "Asynchronous console and interfaces for asyncio"
category = "main"
optional = false
python-versions = ">=3.6"

[[package]]
name = "aiofiles"
version = "0.7.0"
description = "File support for asyncio."
category = "main"
optional = false
python-versions = ">=3.6,<4.0"

[[package]]
name = "aiohttp"
version = "3.7.4.post0"
description = "Async http client/server framework (asyncio)"
category = "main"
optional = false
python-versions = ">=3.6"

[package.dependencies]
async-timeout = ">=3.0,<4.0"
attrs = ">=17.3.0"
chardet = ">=2.0,<5.0"

async-timeout = ">=3.0,<4.0"
attrs = ">=17.3.0"
chardet = ">=2.0,<5.0"
multidict = ">=4.5,<7.0"
typing-extensions = ">=3.6.5"
yarl = ">=1.0,<2.0"

[package.extras]
speedups = ["aiodns", "brotlipy", "cchardet"]

[[package]]
name = "aioopenssl"
version = "0.6.0"
description = "TLS-capable transport using OpenSSL for asyncio"
category = "main"
optional = false
python-versions = "*"

[package.dependencies]
PyOpenSSL = "*"

[[package]]
name = "aiosasl"
version = "0.5.0"
description = "Pure-python, protocol agnostic SASL library for asyncio"
category = "main"
optional = false
python-versions = "*"

[[package]]
name = "aioxmpp"
version = "0.13.2"
description = "Pure-python XMPP library for asyncio"
category = "main"
optional = false
python-versions = "*"

[package.dependencies]
aioopenssl = ">=0.1"
aiosasl = ">=0.3"
babel = ">=2.3,<3.0"
dnspython = ">=1.0,<3.0"
lxml = ">=4.0,<5.0"
multidict = ">=2.0,<7"
pyasn1 = "*"
pyasn1_modules = "*"
pyOpenSSL = "*"
sortedcollections = ">=2.1,<3.0"
tzlocal = ">=1.2"

[[package]]

version = "3.0.1"
description = "Timeout context manager for asyncio programs"
category = "main"
optional = false
python-versions = ">=3.5.3"

[[package]]
name = "attrs"
version = "22.1.0"
description = "Classes Without Boilerplate"
category = "main"
optional = false
python-versions = ">=3.5"

[package.extras]
dev = ["coverage[toml] (>=5.0.2)", "hypothesis", "pympler", "pytest (>=4.3.0)", "mypy (>=0.900,!=0.940)", "pytest-mypy-plugins", "zope.interface", "furo", "sphinx", "sphinx-notfound-page", "pre-commit", "cloudpickle"]
docs = ["furo", "sphinx", "zope.interface", "sphinx-notfound-page"]
tests = ["coverage[toml] (>=5.0.2)", "hypothesis", "pympler", "pytest (>=4.3.0)", "mypy (>=0.900,!=0.940)", "pytest-mypy-plugins", "zope.interface", "cloudpickle"]
tests_no_zope = ["coverage[toml] (>=5.0.2)", "hypothesis", "pympler", "pytest (>=4.3.0)", "mypy (>=0.900,!=0.940)", "pytest-mypy-plugins", "cloudpickle"]

[[package]]
name = "babel"
version = "2.10.3"
description = "Internationalization utilities"
category = "main"
optional = false
python-versions = ">=3.6"

[package.dependencies]
pytz = ">=2015.7"

[[package]]
name = "cffi"
version = "1.15.1"
description = "Foreign Function Interface for Python calling C code."
category = "main"
optional = false
python-versions = "*"

[package.dependencies]
pycparser = "*"

[[package]]
name = "chardet"
version = "4.0.0"
description = "Universal encoding detector for Python 2 and 3"
category = "main"
optional = false
python-versions = ">=2.7, !=3.0.*, !=3.1.*, !=3.2.*, !=3.3.*, !=3.4.*"

[[package]]
name = "click"
version = "7.1.2"
description = "Composable command line interface toolkit"
category = "main"
optional = false
python-versions = ">=2.7, !=3.0.*, !=3.1.*, !=3.2.*, !=3.3.*, !=3.4.*"

[[package]]
name = "colorama"
version = "0.4.5"
description = "Cross-platform colored terminal text."
category = "main"
optional = false
python-versions = ">=2.7, !=3.0.*, !=3.1.*, !=3.2.*, !=3.3.*, !=3.4.*"

[[package]]
name = "cryptography"
version = "37.0.4"
description = "cryptography is a package which provides cryptographic recipes and primitives to Python developers."
category = "main"
optional = false
python-versions = ">=3.6"

[package.dependencies]
cffi = ">=1.12"

[package.extras]
docs = ["sphinx (>=1.6.5,!=1.8.0,!=3.1.0,!=3.1.1)", "sphinx-rtd-theme"]
docstest = ["pyenchant (>=1.6.11)", "twine (>=1.12.0)", "sphinxcontrib-spelling (>=4.0.1)"]
pep8test = ["black", "flake8", "flake8-import-order", "pep8-naming"]
sdist = ["setuptools-rust (>=0.11.4)"]
ssh = ["bcrypt (>=3.1.5)"]
test = ["pytest (>=6.2.0)", "pytest-benchmark", "pytest-cov", "pytest-subtests", "pytest-xdist", "pretend", "iso8601", "pytz", "hypothesis (>=1.11.4,!=3.79.2)"]

[[package]]
name = "deprecated"
version = "1.2.13"
description = "Python @deprecated decorator to deprecate old python classes, functions or methods."
category = "main"
optional = false
python-versions = ">=2.7, !=3.0.*, !=3.1.*, !=3.2.*, !=3.3.*"

[package.dependencies]
wrapt = ">=1.10,<2"

[package.extras]
dev = ["tox", "bump2version (<1)", "sphinx (<2)", "importlib-metadata (<3)", "importlib-resources (<4)", "configparser (<5)", "sphinxcontrib-websupport (<2)", "zipp (<2)", "PyTest (<5)", "PyTest-Cov (<2.6)", "pytest", "pytest-cov"]

[[package]]
name = "discord.py"
version = "1.7.3"
description = "A Python wrapper for the Discord API"
category = "main"
optional = false
python-versions = ">=3.5.3"

[package.dependencies]
aiohttp = ">=3.6.0,<3.8.0"

[package.extras]
docs = ["sphinx (==3.0.3)", "sphinxcontrib-trio (==1.1.2)", "sphinxcontrib-websupport"]
voice = ["PyNaCl (>=1.3.0,<1.5)"]

[[package]]
name = "dnspython"
version = "2.2.1"
description = "DNS toolkit"
category = "main"
optional = false
python-versions = ">=3.6,<4.0"

[package.extras]
dnssec = ["cryptography (>=2.6,<37.0)"]
curio = ["curio (>=1.2,<2.0)", "sniffio (>=1.1,<2.0)"]
doh = ["h2 (>=4.1.0)", "httpx (>=0.21.1)", "requests (>=2.23.0,<3.0.0)", "requests-toolbelt (>=0.9.1,<0.10.0)"]
idna = ["idna (>=2.1,<4.0)"]
trio = ["trio (>=0.14,<0.20)"]
wmi = ["wmi (>=1.5.1,<2.0.0)"]

[[package]]
name = "flask"
version = "1.1.4"
description = "A simple framework for building complex web applications."
category = "main"
optional = false
python-versions = ">=2.7, !=3.0.*, !=3.1.*, !=3.2.*, !=3.3.*, !=3.4.*"

[package.dependencies]
click = ">=5.1,<8.0"
itsdangerous = ">=0.24,<2.0"
Jinja2 = ">=2.10.1,<3.0"
Werkzeug = ">=0.15,<2.0"

[package.extras]
dev = ["pytest", "coverage", "tox", "sphinx", "pallets-sphinx-themes", "sphinxcontrib-log-cabinet", "sphinx-issues"]
docs = ["sphinx", "pallets-sphinx-themes", "sphinxcontrib-log-cabinet", "sphinx-issues"]
dotenv = ["python-dotenv"]

[[package]]
name = "fortnitepy"
version = "3.6.4"
description = "Library for interacting with fortnite services"
category = "main"
optional = false
python-versions = ">=3.5.3"
develop = false

[package.dependencies]
aioconsole = ">=0.1.15"
aiohttp = ">=3.3"
aioxmpp = ">=0.12.0"

[package.extras]
docs = ["sphinxcontrib_trio (==1.1.2)", "furo (==2021.4.11b34)"]

[package.source]
type = "git"
url = "https://github.com/gomashio1596/fortnitepy"
reference = "master"
resolved_reference = "17d3fd755ee0227242dd506cf6d6067d99cc19a2"

[[package]]
name = "httptools"
version = "0.4.0"
description = "A collection of framework independent HTTP protocol utils."
category = "main"
optional = false
python-versions = ">=3.5.0"

[package.extras]
test = ["Cython (>=0.29.24,<0.30.0)"]

[[package]]
name = "idna"
version = "3.3"
description = "Internationalized Domain Names in Applications (IDNA)"
category = "main"
optional = false
python-versions = ">=3.5"

[[package]]
name = "itsdangerous"
version = "1.1.0"
description = "Various helpers to pass data to untrusted environments and back."
category = "main"
optional = false
python-versions = ">=2.7, !=3.0.*, !=3.1.*, !=3.2.*, !=3.3.*"

[[package]]
name = "jaconv"
version = "0.3"
description = "Pure-Python Japanese character interconverter for Hiragana, Katakana, Hankaku, Zenkaku and more"
category = "main"
optional = false
python-versions = "*"

[[package]]
name = "jinja2"
version = "2.11.3"
description = "A very fast and expressive template engine."
category = "main"
optional = false
python-versions = ">=2.7, !=3.0.*, !=3.1.*, !=3.2.*, !=3.3.*, !=3.4.*"

[package.dependencies]
MarkupSafe = ">=0.23"

[package.extras]
i18n = ["Babel (>=0.8)"]

[[package]]
name = "lxml"
version = "4.9.1"
description = "Powerful and Pythonic XML processing library combining libxml2/libxslt with the ElementTree API."
category = "main"
optional = false
python-versions = ">=2.7, !=3.0.*, !=3.1.*, !=3.2.*, !=3.3.*, != 3.4.*"

[package.extras]
cssselect = ["cssselect (>=0.7)"]
html5 = ["html5lib"]
htmlsoup = ["beautifulsoup4"]
source = ["Cython (>=0.29.7)"]

[[package]]
name = "markupsafe"
version = "2.0.1"
description = "Safely add untrusted strings to HTML/XML markup."
category = "main"
optional = false
python-versions = ">=3.6"

[[package]]
name = "multidict"
version = "5.2.0"
description = "multidict implementation"
category = "main"
optional = false
python-versions = ">=3.6"

[[package]]
name = "pyasn1"
version = "0.4.8"
description = "ASN.1 types and codecs"
category = "main"
optional = false
python-versions = "*"

[[package]]
name = "pyasn1-modules"
version = "0.2.8"
description = "A collection of ASN.1-based protocols modules."
category = "main"
optional = false
python-versions = "*"

[package.dependencies]
pyasn1 = ">=0.4.6,<0.5.0"

[[package]]
name = "pycparser"
version = "2.21"
description = "C parser in Python"
category = "main"
optional = false
python-versions = ">=2.7, !=3.0.*, !=3.1.*, !=3.2.*, !=3.3.*"

[[package]]
name = "pykakasi"
version = "2.2.1"
description = "Kana kanji simple inversion library"
category = "main"
optional = false
python-versions = "*"

[package.dependencies]
deprecated = "*"
jaconv = "*"

[package.extras]
check = ["mypy (==0.770)", "mypy-extensions (==0.4.3)", "docutils", "check-manifest", "flake8", "flake8-black", "flake8-deprecated", "readme-renderer", "pygments", "isort", "twine"]
docs = ["sphinx (>=1.8)", "sphinx-intl", "sphinx-py3doc-enhanced-theme", "sphinx-rtd-theme"]
test = ["pytest", "pytest-benchmark", "pytest-pep8", "pytest-cov", "pytest-profiling", "coverage[toml] (>=5.2)", "py-cpuinfo"]

[[package]]
name = "pyopenssl"
version = "22.0.0"
description = "Python wrapper module around the OpenSSL library"
category = "main"
optional = false
python-versions = ">=3.6"

[package.dependencies]
cryptography = ">=35.0"

[package.extras]
docs = ["sphinx", "sphinx-rtd-theme"]
test = ["flaky", "pretend", "pytest (>=3.0.1)"]

[[package]]
name = "pytz"
version = "2022.2.1"
description = "World timezone definitions, modern and historical"
category = "main"
optional = false
python-versions = "*"

[[package]]
name = "replit"
version = "3.0.0"
description = "A library for interacting with features of repl.it"
category = "main"
optional = false
python-versions = ">=3.8,<4.0"

[package.dependencies]
aiohttp = ">=3.6.2,<4.0.0"
flask = ">=1.1.2,<2.0.0"
typing_extensions = ">=3.7.4,<4.0.0"
werkzeug = ">=1.0.1,<2.0.0"

[[package]]
name = "sanic"
version = "21.3.2"
description = "A web server and web framework that's written to go fast. Build fast. Run fast."
category = "main"
optional = false
python-versions = ">=3.7"

[package.dependencies]
aiofiles = ">=0.6.0"
httptools = ">=0.0.10"
multidict = ">=5.0,<6.0"
sanic-routing = "*"
ujson = {version = ">=1.35", markers = "sys_platform != \"win32\" and implementation_name == \"cpython\""}
uvloop = {version = ">=0.5.3", markers = "sys_platform != \"win32\" and implementation_name == \"cpython\""}
websockets = ">=8.1,<9.0"

[package.extras]
all = ["sanic-testing", "pytest (==5.2.1)", "multidict (>=5.0,<6.0)", "gunicorn (==20.0.4)", "pytest-cov", "beautifulsoup4", "pytest-sanic", "pytest-sugar", "pytest-benchmark", "aiofiles", "tox", "black", "flake8", "bandit", "towncrier", "sphinx (>=2.1.2)", "sphinx-rtd-theme", "recommonmark (>=0.5.0)", "docutils", "pygments", "uvloop (>=0.5.3)", "ujson (>=1.35)"]
dev = ["sanic-testing", "pytest (==5.2.1)", "multidict (>=5.0,<6.0)", "gunicorn (==20.0.4)", "pytest-cov", "beautifulsoup4", "pytest-sanic", "pytest-sugar", "pytest-benchmark", "aiofiles", "tox", "black", "flake8", "bandit", "towncrier", "uvloop (>=0.5.3)", "ujson (>=1.35)"]
docs = ["sphinx (>=2.1.2)", "sphinx-rtd-theme", "recommonmark (>=0.5.0)", "docutils", "pygments"]
test = ["sanic-testing", "pytest (==5.2.1)", "multidict (>=5.0,<6.0)", "gunicorn (==20.0.4)", "pytest-cov", "beautifulsoup4", "pytest-sanic", "pytest-sugar", "pytest-benchmark", "uvloop (>=0.5.3)", "ujson (>=1.35)"]

[[package]]
name = "sanic-routing"
version = "0.4.1"
description = "Core routing component for Sanic"
category = "main"
optional = false
python-versions = "*"

[[package]]
name = "sortedcollections"
version = "2.1.0"
description = "Python Sorted Collections"
category = "main"
optional = false
python-versions = "*"

[package.dependencies]
sortedcontainers = "*"

[[package]]
name = "sortedcontainers"
version = "2.4.0"
description = "Sorted Containers -- Sorted List, Sorted Dict, Sorted Set"
category = "main"
optional = false
python-versions = "*"

[[package]]
name = "typing-extensions"
version = "3.10.0.2"
description = "Backported and Experimental Type Hints for Python 3.5+"
category = "main"
optional = false
python-versions = "*"

[[package]]
name = "tzlocal"
version = "2.1"
description = "tzinfo object for the local timezone"
category = "main"
optional = false
python-versions = "*"

[package.dependencies]
pytz = "*"

[[package]]
name = "ujson"
version = "5.4.0"
description = "Ultra fast JSON encoder and decoder for Python"
category = "main"
optional = false
python-versions = ">=3.7"

[[package]]
name = "uvloop"
version = "0.15.3"
description = "Fast implementation of asyncio event loop on top of libuv"
category = "main"
optional = false
python-versions = ">=3.7"

[package.extras]
dev = ["Cython (>=0.29.20,<0.30.0)", "pytest (>=3.6.0)", "Sphinx (>=1.7.3,<1.8.0)", "sphinxcontrib-asyncio (>=0.2.0,<0.3.0)", "sphinx-rtd-theme (>=0.2.4,<0.3.0)", "aiohttp", "flake8 (>=3.8.4,<3.9.0)", "psutil", "pycodestyle (>=2.6.0,<2.7.0)", "pyOpenSSL (>=19.0.0,<19.1.0)", "mypy (>=0.800)"]
docs = ["Sphinx (>=1.7.3,<1.8.0)", "sphinxcontrib-asyncio (>=0.2.0,<0.3.0)", "sphinx-rtd-theme (>=0.2.4,<0.3.0)"]
test = ["aiohttp", "flake8 (>=3.8.4,<3.9.0)", "psutil", "pycodestyle (>=2.6.0,<2.7.0)", "pyOpenSSL (>=19.0.0,<19.1.0)", "mypy (>=0.800)"]

[[package]]
name = "websockets"
version = "8.1"
description = "An implementation of the WebSocket Protocol (RFC 6455 & 7692)"
category = "main"
optional = false
python-versions = ">=3.6.1"

[[package]]
name = "werkzeug"
version = "1.0.1"
description = "The comprehensive WSGI web application library."
category = "main"
optional = false
python-versions = ">=2.7, !=3.0.*, !=3.1.*, !=3.2.*, !=3.3.*, !=3.4.*"

[package.extras]
watchdog = ["watchdog"]
dev = ["sphinx-issues", "pallets-sphinx-themes", "sphinx", "tox", "coverage", "pytest-timeout", "pytest"]

[[package]]
name = "wrapt"
version = "1.14.1"
description = "Module for decorators, wrappers and monkey patching."
category = "main"
optional = false
python-versions = "!=3.0.*,!=3.1.*,!=3.2.*,!=3.3.*,!=3.4.*,>=2.7"

[[package]]
name = "yarl"
version = "1.8.1"
description = "Yet another URL library"
category = "main"
optional = false
python-versions = ">=3.7"

[package.dependencies]
idna = ">=2.0"
multidict = ">=4.0"

[metadata]
lock-version = "1.1"
python-versions = "3.8"
content-hash = "e3f6039f862d0f0d27c10cc8a34d42c97e07cbcb88a1d7282b40d602b91cefbe"

[metadata.files]
aioconsole = []
aiofiles = []
aiohttp = []
aioopenssl = []
aiosasl = []
aioxmpp = []
async-timeout = []
attrs = []
babel = []
cffi = []
chardet = []
click = []
colorama = []
cryptography = []
deprecated = []
"discord.py" = []
dnspython = []
flask = []
fortnitepy = []
httptools = []
idna = []
itsdangerous = []
jaconv = []
jinja2 = []
lxml = []
markupsafe = []f
multidict = []
pyasn1 = []
pyasn1-modules = []
pycparser = []
pykakasi = []
pyopenssl = []
pytz = []
replit = []
sanic = []
sanic-routing = []
sortedcollections = []
sortedcontainers = []
typing-extensions = []
tzlocal = []
ujson = []
uvloop = []
websockets = []
werkzeug = []
wrapt = []
yarl = []
